# This file is autogenerated, do not edit; changes may be undone by the next 'dep ensure'.


[[projects]]
  name = "github.com/davecgh/go-spew"
  packages = ["spew"]
  revision = "8991bc29aa16c548c550c7ff78260e27b9ab7c73"
  version = "v1.1.1"

[[projects]]
  branch = "master"
  name = "github.com/facebookgo/errgroup"
  packages = ["."]
  revision = "779c8d7ef069c522bc72ee5f31a98d89a37f3fb6"

[[projects]]
  name = "github.com/pmezard/go-difflib"
  packages = ["difflib"]
  revision = "792786c7400a136282c1664665ae0a8db921c6c2"
  version = "v1.0.0"

[[projects]]
  name = "github.com/stretchr/objx"
  packages = ["."]
  revision = "477a77ecc69700c7cdeb1fa9e129548e1c1c393c"
  version = "v0.1.1"

[[projects]]
  name = "github.com/stretchr/testify"
  packages = [
    "assert",
    "mock"
  ]
  revision = "ffdc059bfe9ce6a4e144ba849dbedead332c6053"
  version = "v1.3.0"

[[projects]]
  name = "gopkg.in/Clever/gearman.v1"
  packages = [
    ".",
    "job",
    "packet",
    "scanner",
    "utils"
  ]
  revision = "a3c727cd3b480eb7c795c18c9be081cafcbcffae"
  version = "v1.0.0"

[[projects]]
  name = "gopkg.in/Clever/optimus.v3"
  packages = [
    ".",
    "scanner",
    "sinks/discard",
    "sinks/json",
    "sources/csv",
    "sources/error",
    "sources/infinite",
    "sources/json",
    "sources/slice",
    "tests",
    "transforms"
  ]
  revision = "f3e95739ebf17266b0173cb6ea961bbf97fcaa53"
  version = "v3.8.0"

[[projects]]
  name = "gopkg.in/fatih/set.v0"
  packages = ["."]
  revision = "57907de300222151a123d29255ed17f5ed43fad3"
  version = "v0.1.0"

[solve-meta]
  analyzer-name = "dep"
  analyzer-version = 1
  inputs-digest = "63bb2c30afdc76b5e540a503c1ab9ff579b2862f3dbc14743cff2b2c8a54da91"
  solver-name = "gps-cdcl"
  solver-version = 1
